PODS:
  - MulticastDelegateSwift (2.0.0)
  - Starscream (2.0.4)

DEPENDENCIES:
  - MulticastDelegateSwift (~> 2.0)
  - Starscream (~> 2.0.4)

SPEC CHECKSUMS:
  MulticastDelegateSwift: 4a035aaecd77e00d826970e552885271a165c5ee
  Starscream: df5974ee928b157c8eda8af8de7c620276b7dfcc

PODFILE CHECKSUM: dddfcbc1aa1f57fbb4d34731d1e89183f6e0e388

COCOAPODS: 1.2.1
