// !$*UTF8*$!
{
	archiveVersion = 1;
	classes = {
	};
	objectVersion = 46;
	objects = {

/* Begin PBXBuildFile section */
		1DA1020989126A9E19EF9CD4 /* Pods_LuminoTests.framework in Frameworks */ = {isa = PBXBuildFile; fileRef = 6F465826E5B99BB775DBDB57 /* Pods_LuminoTests.framework */; };
		9FEA49E2B502A3953E390552 /* Pods_Lumino.framework in Frameworks */ = {isa = PBXBuildFile; fileRef = 78F7219461FDD911BCECBBC0 /* Pods_Lumino.framework */; };
		A50755E91E89AF4D00AF1A96 /* Response.swift in Sources */ = {isa = PBXBuildFile; fileRef = A50755E81E89AF4D00AF1A96 /* Response.swift */; };
		A50755ED1E89B1B300AF1A96 /* Event.swift in Sources */ = {isa = PBXBuildFile; fileRef = A50755EC1E89B1B300AF1A96 /* Event.swift */; };
		A50755EF1E9172F400AF1A96 /* ColorLineLayer.swift in Sources */ = {isa = PBXBuildFile; fileRef = A50755EE1E9172F400AF1A96 /* ColorLineLayer.swift */; };
		A50755F11E91750300AF1A96 /* HueCircleLayer.swift in Sources */ = {isa = PBXBuildFile; fileRef = A50755F01E91750300AF1A96 /* HueCircleLayer.swift */; };
		A50755F81E96CE5800AF1A96 /* Request.swift in Sources */ = {isa = PBXBuildFile; fileRef = A50755F71E96CE5800AF1A96 /* Request.swift */; };
		A50755FA1E96CF5700AF1A96 /* Color.swift in Sources */ = {isa = PBXBuildFile; fileRef = A50755F91E96CF5700AF1A96 /* Color.swift */; };
		A524E4F91E7DF34000533BB3 /* GradientSilderView.swift in Sources */ = {isa = PBXBuildFile; fileRef = A524E4F81E7DF34000533BB3 /* GradientSilderView.swift */; };
		A524E4FB1E7ED38F00533BB3 /* ColorSpotLayer.swift in Sources */ = {isa = PBXBuildFile; fileRef = A524E4FA1E7ED38F00533BB3 /* ColorSpotLayer.swift */; };
		A52BC39D1EB54BB6001BE371 /* Serializer.swift in Sources */ = {isa = PBXBuildFile; fileRef = A52BC39C1EB54BB6001BE371 /* Serializer.swift */; };
		A52BC39F1EB5B516001BE371 /* ColorSerializer.swift in Sources */ = {isa = PBXBuildFile; fileRef = A52BC39E1EB5B516001BE371 /* ColorSerializer.swift */; };
		A52BC3A11EB5BFC7001BE371 /* Serializible.swift in Sources */ = {isa = PBXBuildFile; fileRef = A52BC3A01EB5BFC7001BE371 /* Serializible.swift */; };
		A52BC3A31EB5C142001BE371 /* EventSerializer.swift in Sources */ = {isa = PBXBuildFile; fileRef = A52BC3A21EB5C142001BE371 /* EventSerializer.swift */; };
		A52BC3A51EB5C374001BE371 /* SettingsSerializer.swift in Sources */ = {isa = PBXBuildFile; fileRef = A52BC3A41EB5C374001BE371 /* SettingsSerializer.swift */; };
		A52BC3A71EB5C5C6001BE371 /* SerializationService.swift in Sources */ = {isa = PBXBuildFile; fileRef = A52BC3A61EB5C5C6001BE371 /* SerializationService.swift */; };
		A52BC3A91EB5C5D9001BE371 /* SerializationContext.swift in Sources */ = {isa = PBXBuildFile; fileRef = A52BC3A81EB5C5D9001BE371 /* SerializationContext.swift */; };
		A52BC3AB1EB5C5ED001BE371 /* DeserializationContext.swift in Sources */ = {isa = PBXBuildFile; fileRef = A52BC3AA1EB5C5ED001BE371 /* DeserializationContext.swift */; };
		A52BC3AD1EB5C61A001BE371 /* SerializationError.swift in Sources */ = {isa = PBXBuildFile; fileRef = A52BC3AC1EB5C61A001BE371 /* SerializationError.swift */; };
		A52BC3AF1EB5C636001BE371 /* Casting.swift in Sources */ = {isa = PBXBuildFile; fileRef = A52BC3AE1EB5C636001BE371 /* Casting.swift */; };
		A52C179B1E0847E300F1AC7D /* DevicesTableViewController.swift in Sources */ = {isa = PBXBuildFile; fileRef = A52C179A1E0847E300F1AC7D /* DevicesTableViewController.swift */; };
		A59CC51F1E1024E900B51B36 /* Podfile in Resources */ = {isa = PBXBuildFile; fileRef = A59CC51E1E1024E900B51B36 /* Podfile */; };
		A59D1D3A1EB67A1F007D2DE0 /* ResponseSerializer.swift in Sources */ = {isa = PBXBuildFile; fileRef = A59D1D391EB67A1F007D2DE0 /* ResponseSerializer.swift */; };
		A59D1D3C1EB67C22007D2DE0 /* RequestSerializer.swift in Sources */ = {isa = PBXBuildFile; fileRef = A59D1D3B1EB67C22007D2DE0 /* RequestSerializer.swift */; };
		A59D1D3E1EB6A987007D2DE0 /* RequestTests.swift in Sources */ = {isa = PBXBuildFile; fileRef = A59D1D3D1EB6A987007D2DE0 /* RequestTests.swift */; };
		A59D1D401EB6AA56007D2DE0 /* ResponseTests.swift in Sources */ = {isa = PBXBuildFile; fileRef = A59D1D3F1EB6AA56007D2DE0 /* ResponseTests.swift */; };
		A59D1D421EB6AC1D007D2DE0 /* ModelsExtensions.swift in Sources */ = {isa = PBXBuildFile; fileRef = A59D1D411EB6AC1D007D2DE0 /* ModelsExtensions.swift */; };
		A59D1D451EB73252007D2DE0 /* WebSocketClient.swift in Sources */ = {isa = PBXBuildFile; fileRef = A59D1D441EB73252007D2DE0 /* WebSocketClient.swift */; };
		A59D1D471EB90625007D2DE0 /* Status.swift in Sources */ = {isa = PBXBuildFile; fileRef = A59D1D461EB90625007D2DE0 /* Status.swift */; };
		A59D1D491EB9073D007D2DE0 /* StatusSerializer.swift in Sources */ = {isa = PBXBuildFile; fileRef = A59D1D481EB9073D007D2DE0 /* StatusSerializer.swift */; };
		A59D1D4C1EB99CA5007D2DE0 /* ColorExtensions.swift in Sources */ = {isa = PBXBuildFile; fileRef = A59D1D4B1EB99CA5007D2DE0 /* ColorExtensions.swift */; };
		A5BB15991EBC4A5600C4B27F /* DeviceListItem.swift in Sources */ = {isa = PBXBuildFile; fileRef = A5BB15981EBC4A5600C4B27F /* DeviceListItem.swift */; };
		A5C373841E07405D00697FF6 /* AppDelegate.swift in Sources */ = {isa = PBXBuildFile; fileRef = A5C373831E07405D00697FF6 /* AppDelegate.swift */; };
		A5C373891E07405D00697FF6 /* Main.storyboard in Resources */ = {isa = PBXBuildFile; fileRef = A5C373871E07405D00697FF6 /* Main.storyboard */; };
		A5C3738B1E07405D00697FF6 /* Assets.xcassets in Resources */ = {isa = PBXBuildFile; fileRef = A5C3738A1E07405D00697FF6 /* Assets.xcassets */; };
		A5C3738E1E07405D00697FF6 /* LaunchScreen.storyboard in Resources */ = {isa = PBXBuildFile; fileRef = A5C3738C1E07405D00697FF6 /* LaunchScreen.storyboard */; };
		A5C373A41E07405D00697FF6 /* LuminoUITests.swift in Sources */ = {isa = PBXBuildFile; fileRef = A5C373A31E07405D00697FF6 /* LuminoUITests.swift */; };
		A5C672721E0DE4F2003F7C03 /* DeviceDetailsUIViewController.swift in Sources */ = {isa = PBXBuildFile; fileRef = A5C672711E0DE4F2003F7C03 /* DeviceDetailsUIViewController.swift */; };
		A5D0047E1EAC07C10088ADF5 /* Funtional.swift in Sources */ = {isa = PBXBuildFile; fileRef = A5D0047D1EAC07C10088ADF5 /* Funtional.swift */; };
		A5D004841EB29F3D0088ADF5 /* TypeAliases.swift in Sources */ = {isa = PBXBuildFile; fileRef = A5D004831EB29F3D0088ADF5 /* TypeAliases.swift */; };
		A5D004861EB308540088ADF5 /* Settings.swift in Sources */ = {isa = PBXBuildFile; fileRef = A5D004851EB308540088ADF5 /* Settings.swift */; };
		A5D004891EB3F3E00088ADF5 /* SettingsTests.swift in Sources */ = {isa = PBXBuildFile; fileRef = A5D004881EB3F3E00088ADF5 /* SettingsTests.swift */; };
		A5D0048C1EB46E360088ADF5 /* SerializationServiceExtensions.swift in Sources */ = {isa = PBXBuildFile; fileRef = A5D0048B1EB46E360088ADF5 /* SerializationServiceExtensions.swift */; };
		A5D004901EB484200088ADF5 /* ColorTests.swift in Sources */ = {isa = PBXBuildFile; fileRef = A5D0048F1EB484200088ADF5 /* ColorTests.swift */; };
		A5D004921EB4898A0088ADF5 /* EventTests.swift in Sources */ = {isa = PBXBuildFile; fileRef = A5D004911EB4898A0088ADF5 /* EventTests.swift */; };
		A5EB37F21E746BFB003B30F1 /* ColorWheelView.swift in Sources */ = {isa = PBXBuildFile; fileRef = A5EB37F11E746BFB003B30F1 /* ColorWheelView.swift */; };
		A5F5A1891ED54E4600DDED10 /* DeviceCell.swift in Sources */ = {isa = PBXBuildFile; fileRef = A5F5A1881ED54E4500DDED10 /* DeviceCell.swift */; };
		A5FC1CC91EDD3AE40086AB83 /* StatusTests.swift in Sources */ = {isa = PBXBuildFile; fileRef = A5FC1CC81EDD3AE40086AB83 /* StatusTests.swift */; };
		A5FD7AEC1EBFD786003303E2 /* SettingsViewController.swift in Sources */ = {isa = PBXBuildFile; fileRef = A5FD7AEB1EBFD786003303E2 /* SettingsViewController.swift */; };
		EA9F63D3D1DAF08C67D64DC9 /* Pods_LuminoUITests.framework in Frameworks */ = {isa = PBXBuildFile; fileRef = 936429B6B348528AE4A8FC51 /* Pods_LuminoUITests.framework */; };
/* End PBXBuildFile section */

/* Begin PBXContainerItemProxy section */
		A5C373951E07405D00697FF6 /* PBXContainerItemProxy */ = {
			isa = PBXContainerItemProxy;
			containerPortal = A5C373781E07405D00697FF6 /* Project object */;
			proxyType = 1;
			remoteGlobalIDString = A5C3737F1E07405D00697FF6;
			remoteInfo = Lumino;
		};
		A5C373A01E07405D00697FF6 /* PBXContainerItemProxy */ = {
			isa = PBXContainerItemProxy;
			containerPortal = A5C373781E07405D00697FF6 /* Project object */;
			proxyType = 1;
			remoteGlobalIDString = A5C3737F1E07405D00697FF6;
			remoteInfo = Lumino;
		};
/* End PBXContainerItemProxy section */

/* Begin PBXFileReference section */
		1FBF9260C92CA50C698C7D1F /* Pods-LuminoUITests.debug.xcconfig */ = {isa = PBXFileReference; includeInIndex = 1; lastKnownFileType = text.xcconfig; name = "Pods-LuminoUITests.debug.xcconfig"; path = "Pods/Target Support Files/Pods-LuminoUITests/Pods-LuminoUITests.debug.xcconfig"; sourceTree = "<group>"; };
		6F465826E5B99BB775DBDB57 /* Pods_LuminoTests.framework */ = {isa = PBXFileReference; explicitFileType = wrapper.framework; includeInIndex = 0; path = Pods_LuminoTests.framework; sourceTree = BUILT_PRODUCTS_DIR; };
		77995BFF114357166F183BC4 /* Pods-LuminoTests.debug.xcconfig */ = {isa = PBXFileReference; includeInIndex = 1; lastKnownFileType = text.xcconfig; name = "Pods-LuminoTests.debug.xcconfig"; path = "Pods/Target Support Files/Pods-LuminoTests/Pods-LuminoTests.debug.xcconfig"; sourceTree = "<group>"; };
		78A939657D15E549D49273B8 /* Pods-Lumino.release.xcconfig */ = {isa = PBXFileReference; includeInIndex = 1; lastKnownFileType = text.xcconfig; name = "Pods-Lumino.release.xcconfig"; path = "Pods/Target Support Files/Pods-Lumino/Pods-Lumino.release.xcconfig"; sourceTree = "<group>"; };
		78F7219461FDD911BCECBBC0 /* Pods_Lumino.framework */ = {isa = PBXFileReference; explicitFileType = wrapper.framework; includeInIndex = 0; path = Pods_Lumino.framework; sourceTree = BUILT_PRODUCTS_DIR; };
		891963619B8A83B9E8391AF0 /* Pods-Lumino.debug.xcconfig */ = {isa = PBXFileReference; includeInIndex = 1; lastKnownFileType = text.xcconfig; name = "Pods-Lumino.debug.xcconfig"; path = "Pods/Target Support Files/Pods-Lumino/Pods-Lumino.debug.xcconfig"; sourceTree = "<group>"; };
		936429B6B348528AE4A8FC51 /* Pods_LuminoUITests.framework */ = {isa = PBXFileReference; explicitFileType = wrapper.framework; includeInIndex = 0; path = Pods_LuminoUITests.framework; sourceTree = BUILT_PRODUCTS_DIR; };
		A50755E81E89AF4D00AF1A96 /* Response.swift */ = {isa = PBXFileReference; fileEncoding = 4; lastKnownFileType = sourcecode.swift; path = Response.swift; sourceTree = "<group>"; };
		A50755EC1E89B1B300AF1A96 /* Event.swift */ = {isa = PBXFileReference; fileEncoding = 4; lastKnownFileType = sourcecode.swift; path = Event.swift; sourceTree = "<group>"; };
		A50755EE1E9172F400AF1A96 /* ColorLineLayer.swift */ = {isa = PBXFileReference; fileEncoding = 4; lastKnownFileType = sourcecode.swift; path = ColorLineLayer.swift; sourceTree = "<group>"; };
		A50755F01E91750300AF1A96 /* HueCircleLayer.swift */ = {isa = PBXFileReference; fileEncoding = 4; lastKnownFileType = sourcecode.swift; path = HueCircleLayer.swift; sourceTree = "<group>"; };
		A50755F71E96CE5800AF1A96 /* Request.swift */ = {isa = PBXFileReference; fileEncoding = 4; lastKnownFileType = sourcecode.swift; path = Request.swift; sourceTree = "<group>"; };
		A50755F91E96CF5700AF1A96 /* Color.swift */ = {isa = PBXFileReference; fileEncoding = 4; lastKnownFileType = sourcecode.swift; path = Color.swift; sourceTree = "<group>"; };
		A524E4F81E7DF34000533BB3 /* GradientSilderView.swift */ = {isa = PBXFileReference; fileEncoding = 4; lastKnownFileType = sourcecode.swift; path = GradientSilderView.swift; sourceTree = "<group>"; };
		A524E4FA1E7ED38F00533BB3 /* ColorSpotLayer.swift */ = {isa = PBXFileReference; fileEncoding = 4; lastKnownFileType = sourcecode.swift; path = ColorSpotLayer.swift; sourceTree = "<group>"; };
		A52BC39C1EB54BB6001BE371 /* Serializer.swift */ = {isa = PBXFileReference; fileEncoding = 4; lastKnownFileType = sourcecode.swift; path = Serializer.swift; sourceTree = "<group>"; };
		A52BC39E1EB5B516001BE371 /* ColorSerializer.swift */ = {isa = PBXFileReference; fileEncoding = 4; lastKnownFileType = sourcecode.swift; path = ColorSerializer.swift; sourceTree = "<group>"; };
		A52BC3A01EB5BFC7001BE371 /* Serializible.swift */ = {isa = PBXFileReference; fileEncoding = 4; lastKnownFileType = sourcecode.swift; path = Serializible.swift; sourceTree = "<group>"; };
		A52BC3A21EB5C142001BE371 /* EventSerializer.swift */ = {isa = PBXFileReference; fileEncoding = 4; lastKnownFileType = sourcecode.swift; path = EventSerializer.swift; sourceTree = "<group>"; };
		A52BC3A41EB5C374001BE371 /* SettingsSerializer.swift */ = {isa = PBXFileReference; fileEncoding = 4; lastKnownFileType = sourcecode.swift; path = SettingsSerializer.swift; sourceTree = "<group>"; };
		A52BC3A61EB5C5C6001BE371 /* SerializationService.swift */ = {isa = PBXFileReference; fileEncoding = 4; lastKnownFileType = sourcecode.swift; path = SerializationService.swift; sourceTree = "<group>"; };
		A52BC3A81EB5C5D9001BE371 /* SerializationContext.swift */ = {isa = PBXFileReference; fileEncoding = 4; lastKnownFileType = sourcecode.swift; path = SerializationContext.swift; sourceTree = "<group>"; };
		A52BC3AA1EB5C5ED001BE371 /* DeserializationContext.swift */ = {isa = PBXFileReference; fileEncoding = 4; lastKnownFileType = sourcecode.swift; path = DeserializationContext.swift; sourceTree = "<group>"; };
		A52BC3AC1EB5C61A001BE371 /* SerializationError.swift */ = {isa = PBXFileReference; fileEncoding = 4; lastKnownFileType = sourcecode.swift; path = SerializationError.swift; sourceTree = "<group>"; };
		A52BC3AE1EB5C636001BE371 /* Casting.swift */ = {isa = PBXFileReference; fileEncoding = 4; lastKnownFileType = sourcecode.swift; path = Casting.swift; sourceTree = "<group>"; };
		A52C179A1E0847E300F1AC7D /* DevicesTableViewController.swift */ = {isa = PBXFileReference; fileEncoding = 4; lastKnownFileType = sourcecode.swift; path = DevicesTableViewController.swift; sourceTree = "<group>"; };
		A57E32461E10340D0044107D /* Color-Picker-for-iOS */ = {isa = PBXFileReference; lastKnownFileType = folder; name = "Color-Picker-for-iOS"; path = "Pods/Color-Picker-for-iOS"; sourceTree = "<group>"; };
		A59CC51E1E1024E900B51B36 /* Podfile */ = {isa = PBXFileReference; fileEncoding = 4; lastKnownFileType = text; path = Podfile; sourceTree = "<group>"; xcLanguageSpecificationIdentifier = xcode.lang.ruby; };
		A59D1D391EB67A1F007D2DE0 /* ResponseSerializer.swift */ = {isa = PBXFileReference; fileEncoding = 4; lastKnownFileType = sourcecode.swift; path = ResponseSerializer.swift; sourceTree = "<group>"; };
		A59D1D3B1EB67C22007D2DE0 /* RequestSerializer.swift */ = {isa = PBXFileReference; fileEncoding = 4; lastKnownFileType = sourcecode.swift; path = RequestSerializer.swift; sourceTree = "<group>"; };
		A59D1D3D1EB6A987007D2DE0 /* RequestTests.swift */ = {isa = PBXFileReference; fileEncoding = 4; lastKnownFileType = sourcecode.swift; path = RequestTests.swift; sourceTree = "<group>"; };
		A59D1D3F1EB6AA56007D2DE0 /* ResponseTests.swift */ = {isa = PBXFileReference; fileEncoding = 4; lastKnownFileType = sourcecode.swift; path = ResponseTests.swift; sourceTree = "<group>"; };
		A59D1D411EB6AC1D007D2DE0 /* ModelsExtensions.swift */ = {isa = PBXFileReference; fileEncoding = 4; lastKnownFileType = sourcecode.swift; path = ModelsExtensions.swift; sourceTree = "<group>"; };
		A59D1D441EB73252007D2DE0 /* WebSocketClient.swift */ = {isa = PBXFileReference; fileEncoding = 4; lastKnownFileType = sourcecode.swift; path = WebSocketClient.swift; sourceTree = "<group>"; };
		A59D1D461EB90625007D2DE0 /* Status.swift */ = {isa = PBXFileReference; fileEncoding = 4; lastKnownFileType = sourcecode.swift; path = Status.swift; sourceTree = "<group>"; };
		A59D1D481EB9073D007D2DE0 /* StatusSerializer.swift */ = {isa = PBXFileReference; fileEncoding = 4; lastKnownFileType = sourcecode.swift; path = StatusSerializer.swift; sourceTree = "<group>"; };
		A59D1D4B1EB99CA5007D2DE0 /* ColorExtensions.swift */ = {isa = PBXFileReference; fileEncoding = 4; lastKnownFileType = sourcecode.swift; path = ColorExtensions.swift; sourceTree = "<group>"; };
		A5BB15981EBC4A5600C4B27F /* DeviceListItem.swift */ = {isa = PBXFileReference; fileEncoding = 4; lastKnownFileType = sourcecode.swift; path = DeviceListItem.swift; sourceTree = "<group>"; };
		A5C373801E07405D00697FF6 /* Lumino.app */ = {isa = PBXFileReference; explicitFileType = wrapper.application; includeInIndex = 0; path = Lumino.app; sourceTree = BUILT_PRODUCTS_DIR; };
		A5C373831E07405D00697FF6 /* AppDelegate.swift */ = {isa = PBXFileReference; lastKnownFileType = sourcecode.swift; path = AppDelegate.swift; sourceTree = "<group>"; };
		A5C373881E07405D00697FF6 /* Base */ = {isa = PBXFileReference; lastKnownFileType = file.storyboard; name = Base; path = Base.lproj/Main.storyboard; sourceTree = "<group>"; };
		A5C3738A1E07405D00697FF6 /* Assets.xcassets */ = {isa = PBXFileReference; lastKnownFileType = folder.assetcatalog; path = Assets.xcassets; sourceTree = "<group>"; };
		A5C3738D1E07405D00697FF6 /* Base */ = {isa = PBXFileReference; lastKnownFileType = file.storyboard; name = Base; path = Base.lproj/LaunchScreen.storyboard; sourceTree = "<group>"; };
		A5C3738F1E07405D00697FF6 /* Info.plist */ = {isa = PBXFileReference; lastKnownFileType = text.plist.xml; path = Info.plist; sourceTree = "<group>"; };
		A5C373941E07405D00697FF6 /* LuminoTests.xctest */ = {isa = PBXFileReference; explicitFileType = wrapper.cfbundle; includeInIndex = 0; path = LuminoTests.xctest; sourceTree = BUILT_PRODUCTS_DIR; };
		A5C3739A1E07405D00697FF6 /* Info.plist */ = {isa = PBXFileReference; lastKnownFileType = text.plist.xml; path = Info.plist; sourceTree = "<group>"; };
		A5C3739F1E07405D00697FF6 /* LuminoUITests.xctest */ = {isa = PBXFileReference; explicitFileType = wrapper.cfbundle; includeInIndex = 0; path = LuminoUITests.xctest; sourceTree = BUILT_PRODUCTS_DIR; };
		A5C373A31E07405D00697FF6 /* LuminoUITests.swift */ = {isa = PBXFileReference; lastKnownFileType = sourcecode.swift; path = LuminoUITests.swift; sourceTree = "<group>"; };
		A5C373A51E07405D00697FF6 /* Info.plist */ = {isa = PBXFileReference; lastKnownFileType = text.plist.xml; path = Info.plist; sourceTree = "<group>"; };
		A5C672711E0DE4F2003F7C03 /* DeviceDetailsUIViewController.swift */ = {isa = PBXFileReference; fileEncoding = 4; lastKnownFileType = sourcecode.swift; path = DeviceDetailsUIViewController.swift; sourceTree = "<group>"; };
		A5D0047D1EAC07C10088ADF5 /* Funtional.swift */ = {isa = PBXFileReference; fileEncoding = 4; lastKnownFileType = sourcecode.swift; path = Funtional.swift; sourceTree = "<group>"; };
		A5D004831EB29F3D0088ADF5 /* TypeAliases.swift */ = {isa = PBXFileReference; fileEncoding = 4; lastKnownFileType = sourcecode.swift; path = TypeAliases.swift; sourceTree = "<group>"; };
		A5D004851EB308540088ADF5 /* Settings.swift */ = {isa = PBXFileReference; fileEncoding = 4; lastKnownFileType = sourcecode.swift; path = Settings.swift; sourceTree = "<group>"; };
		A5D004881EB3F3E00088ADF5 /* SettingsTests.swift */ = {isa = PBXFileReference; fileEncoding = 4; lastKnownFileType = sourcecode.swift; path = SettingsTests.swift; sourceTree = "<group>"; };
		A5D0048B1EB46E360088ADF5 /* SerializationServiceExtensions.swift */ = {isa = PBXFileReference; fileEncoding = 4; lastKnownFileType = sourcecode.swift; path = SerializationServiceExtensions.swift; sourceTree = "<group>"; };
		A5D0048F1EB484200088ADF5 /* ColorTests.swift */ = {isa = PBXFileReference; fileEncoding = 4; lastKnownFileType = sourcecode.swift; path = ColorTests.swift; sourceTree = "<group>"; };
		A5D004911EB4898A0088ADF5 /* EventTests.swift */ = {isa = PBXFileReference; fileEncoding = 4; lastKnownFileType = sourcecode.swift; path = EventTests.swift; sourceTree = "<group>"; };
		A5EB37F11E746BFB003B30F1 /* ColorWheelView.swift */ = {isa = PBXFileReference; fileEncoding = 4; lastKnownFileType = sourcecode.swift; path = ColorWheelView.swift; sourceTree = "<group>"; };
		A5F5A1881ED54E4500DDED10 /* DeviceCell.swift */ = {isa = PBXFileReference; fileEncoding = 4; lastKnownFileType = sourcecode.swift; path = DeviceCell.swift; sourceTree = "<group>"; };
		A5FC1CC81EDD3AE40086AB83 /* StatusTests.swift */ = {isa = PBXFileReference; fileEncoding = 4; lastKnownFileType = sourcecode.swift; path = StatusTests.swift; sourceTree = "<group>"; };
		A5FD7AEB1EBFD786003303E2 /* SettingsViewController.swift */ = {isa = PBXFileReference; fileEncoding = 4; lastKnownFileType = sourcecode.swift; path = SettingsViewController.swift; sourceTree = "<group>"; };
		D9279E95467D58D91A090F87 /* Pods-LuminoTests.release.xcconfig */ = {isa = PBXFileReference; includeInIndex = 1; lastKnownFileType = text.xcconfig; name = "Pods-LuminoTests.release.xcconfig"; path = "Pods/Target Support Files/Pods-LuminoTests/Pods-LuminoTests.release.xcconfig"; sourceTree = "<group>"; };
		F1AEE3EEF81BC3D1A1EFC0FD /* Pods-LuminoUITests.release.xcconfig */ = {isa = PBXFileReference; includeInIndex = 1; lastKnownFileType = text.xcconfig; name = "Pods-LuminoUITests.release.xcconfig"; path = "Pods/Target Support Files/Pods-LuminoUITests/Pods-LuminoUITests.release.xcconfig"; sourceTree = "<group>"; };
/* End PBXFileReference section */

/* Begin PBXFrameworksBuildPhase section */
		A5C3737D1E07405D00697FF6 /* Frameworks */ = {
			isa = PBXFrameworksBuildPhase;
			buildActionMask = 2147483647;
			files = (
				9FEA49E2B502A3953E390552 /* Pods_Lumino.framework in Frameworks */,
			);
			runOnlyForDeploymentPostprocessing = 0;
		};
		A5C373911E07405D00697FF6 /* Frameworks */ = {
			isa = PBXFrameworksBuildPhase;
			buildActionMask = 2147483647;
			files = (
				1DA1020989126A9E19EF9CD4 /* Pods_LuminoTests.framework in Frameworks */,
			);
			runOnlyForDeploymentPostprocessing = 0;
		};
		A5C3739C1E07405D00697FF6 /* Frameworks */ = {
			isa = PBXFrameworksBuildPhase;
			buildActionMask = 2147483647;
			files = (
				EA9F63D3D1DAF08C67D64DC9 /* Pods_LuminoUITests.framework in Frameworks */,
			);
			runOnlyForDeploymentPostprocessing = 0;
		};
/* End PBXFrameworksBuildPhase section */

/* Begin PBXGroup section */
		3EE0FE4BA984894E688C7042 /* Frameworks */ = {
			isa = PBXGroup;
			children = (
				A57E32461E10340D0044107D /* Color-Picker-for-iOS */,
				78F7219461FDD911BCECBBC0 /* Pods_Lumino.framework */,
				6F465826E5B99BB775DBDB57 /* Pods_LuminoTests.framework */,
				936429B6B348528AE4A8FC51 /* Pods_LuminoUITests.framework */,
			);
			name = Frameworks;
			sourceTree = "<group>";
		};
		6984E9DFB6AD3A608FADBEFA /* Pods */ = {
			isa = PBXGroup;
			children = (
				891963619B8A83B9E8391AF0 /* Pods-Lumino.debug.xcconfig */,
				78A939657D15E549D49273B8 /* Pods-Lumino.release.xcconfig */,
				77995BFF114357166F183BC4 /* Pods-LuminoTests.debug.xcconfig */,
				D9279E95467D58D91A090F87 /* Pods-LuminoTests.release.xcconfig */,
				1FBF9260C92CA50C698C7D1F /* Pods-LuminoUITests.debug.xcconfig */,
				F1AEE3EEF81BC3D1A1EFC0FD /* Pods-LuminoUITests.release.xcconfig */,
			);
			name = Pods;
			sourceTree = "<group>";
		};
		A50755E71E89ACCB00AF1A96 /* Models */ = {
			isa = PBXGroup;
			children = (
				A50755F91E96CF5700AF1A96 /* Color.swift */,
				A52BC39E1EB5B516001BE371 /* ColorSerializer.swift */,
				A50755EC1E89B1B300AF1A96 /* Event.swift */,
				A52BC3A21EB5C142001BE371 /* EventSerializer.swift */,
				A50755E81E89AF4D00AF1A96 /* Response.swift */,
				A59D1D391EB67A1F007D2DE0 /* ResponseSerializer.swift */,
				A50755F71E96CE5800AF1A96 /* Request.swift */,
				A59D1D3B1EB67C22007D2DE0 /* RequestSerializer.swift */,
				A5D004851EB308540088ADF5 /* Settings.swift */,
				A52BC3A41EB5C374001BE371 /* SettingsSerializer.swift */,
				A59D1D461EB90625007D2DE0 /* Status.swift */,
				A59D1D481EB9073D007D2DE0 /* StatusSerializer.swift */,
			);
			name = Models;
			sourceTree = "<group>";
		};
		A59D1D431EB731DB007D2DE0 /* Communication */ = {
			isa = PBXGroup;
			children = (
				A59D1D441EB73252007D2DE0 /* WebSocketClient.swift */,
			);
			name = Communication;
			sourceTree = "<group>";
		};
		A59D1D4A1EB99C5B007D2DE0 /* Controllers */ = {
			isa = PBXGroup;
			children = (
				A59D1D4B1EB99CA5007D2DE0 /* ColorExtensions.swift */,
				A5BB15981EBC4A5600C4B27F /* DeviceListItem.swift */,
				A52C179A1E0847E300F1AC7D /* DevicesTableViewController.swift */,
				A5C672711E0DE4F2003F7C03 /* DeviceDetailsUIViewController.swift */,
				A5FD7AEB1EBFD786003303E2 /* SettingsViewController.swift */,
			);
			name = Controllers;
			sourceTree = "<group>";
		};
		A5C373771E07405D00697FF6 = {
			isa = PBXGroup;
			children = (
				A59CC51E1E1024E900B51B36 /* Podfile */,
				A5C373821E07405D00697FF6 /* Lumino */,
				A5C373971E07405D00697FF6 /* LuminoTests */,
				A5C373A21E07405D00697FF6 /* LuminoUITests */,
				A5C373811E07405D00697FF6 /* Products */,
				6984E9DFB6AD3A608FADBEFA /* Pods */,
				3EE0FE4BA984894E688C7042 /* Frameworks */,
			);
			sourceTree = "<group>";
		};
		A5C373811E07405D00697FF6 /* Products */ = {
			isa = PBXGroup;
			children = (
				A5C373801E07405D00697FF6 /* Lumino.app */,
				A5C373941E07405D00697FF6 /* LuminoTests.xctest */,
				A5C3739F1E07405D00697FF6 /* LuminoUITests.xctest */,
			);
			name = Products;
			sourceTree = "<group>";
		};
		A5C373821E07405D00697FF6 /* Lumino */ = {
			isa = PBXGroup;
			children = (
				A5F5A1871ED54E2F00DDED10 /* DeviceCell */,
				A5EB37F01E746BE2003B30F1 /* ColorPicker */,
				A59D1D4A1EB99C5B007D2DE0 /* Controllers */,
				A59D1D431EB731DB007D2DE0 /* Communication */,
				A50755E71E89ACCB00AF1A96 /* Models */,
				A5D004801EACA7990088ADF5 /* Serialization */,
				A5C373831E07405D00697FF6 /* AppDelegate.swift */,
				A5C373871E07405D00697FF6 /* Main.storyboard */,
				A5C3738A1E07405D00697FF6 /* Assets.xcassets */,
				A5C3738C1E07405D00697FF6 /* LaunchScreen.storyboard */,
				A5C3738F1E07405D00697FF6 /* Info.plist */,
			);
			path = Lumino;
			sourceTree = "<group>";
		};
		A5C373971E07405D00697FF6 /* LuminoTests */ = {
			isa = PBXGroup;
			children = (
				A5D0048A1EB46E200088ADF5 /* Utils */,
				A5D004871EB3F3A90088ADF5 /* Modles */,
				A5C3739A1E07405D00697FF6 /* Info.plist */,
			);
			path = LuminoTests;
			sourceTree = "<group>";
		};
		A5C373A21E07405D00697FF6 /* LuminoUITests */ = {
			isa = PBXGroup;
			children = (
				A5C373A31E07405D00697FF6 /* LuminoUITests.swift */,
				A5C373A51E07405D00697FF6 /* Info.plist */,
			);
			path = LuminoUITests;
			sourceTree = "<group>";
		};
		A5D004801EACA7990088ADF5 /* Serialization */ = {
			isa = PBXGroup;
			children = (
				A5D0047D1EAC07C10088ADF5 /* Funtional.swift */,
				A5D004831EB29F3D0088ADF5 /* TypeAliases.swift */,
				A52BC39C1EB54BB6001BE371 /* Serializer.swift */,
				A52BC3A01EB5BFC7001BE371 /* Serializible.swift */,
				A52BC3A61EB5C5C6001BE371 /* SerializationService.swift */,
				A52BC3A81EB5C5D9001BE371 /* SerializationContext.swift */,
				A52BC3AA1EB5C5ED001BE371 /* DeserializationContext.swift */,
				A52BC3AC1EB5C61A001BE371 /* SerializationError.swift */,
				A52BC3AE1EB5C636001BE371 /* Casting.swift */,
			);
			name = Serialization;
			sourceTree = "<group>";
		};
		A5D004871EB3F3A90088ADF5 /* Modles */ = {
			isa = PBXGroup;
			children = (
				A5D004881EB3F3E00088ADF5 /* SettingsTests.swift */,
				A5D0048F1EB484200088ADF5 /* ColorTests.swift */,
				A5FC1CC81EDD3AE40086AB83 /* StatusTests.swift */,
				A5D004911EB4898A0088ADF5 /* EventTests.swift */,
				A59D1D3D1EB6A987007D2DE0 /* RequestTests.swift */,
				A59D1D3F1EB6AA56007D2DE0 /* ResponseTests.swift */,
			);
			name = Modles;
			sourceTree = "<group>";
		};
		A5D0048A1EB46E200088ADF5 /* Utils */ = {
			isa = PBXGroup;
			children = (
				A5D0048B1EB46E360088ADF5 /* SerializationServiceExtensions.swift */,
				A59D1D411EB6AC1D007D2DE0 /* ModelsExtensions.swift */,
			);
			name = Utils;
			sourceTree = "<group>";
		};
		A5EB37F01E746BE2003B30F1 /* ColorPicker */ = {
			isa = PBXGroup;
			children = (
				A5EB37F11E746BFB003B30F1 /* ColorWheelView.swift */,
				A524E4F81E7DF34000533BB3 /* GradientSilderView.swift */,
				A524E4FA1E7ED38F00533BB3 /* ColorSpotLayer.swift */,
				A50755EE1E9172F400AF1A96 /* ColorLineLayer.swift */,
				A50755F01E91750300AF1A96 /* HueCircleLayer.swift */,
			);
			name = ColorPicker;
			sourceTree = "<group>";
		};
		A5F5A1871ED54E2F00DDED10 /* DeviceCell */ = {
			isa = PBXGroup;
			children = (
				A5F5A1881ED54E4500DDED10 /* DeviceCell.swift */,
			);
			name = DeviceCell;
			sourceTree = "<group>";
		};
/* End PBXGroup section */

/* Begin PBXNativeTarget section */
		A5C3737F1E07405D00697FF6 /* Lumino */ = {
			isa = PBXNativeTarget;
			buildConfigurationList = A5C373A81E07405D00697FF6 /* Build configuration list for PBXNativeTarget "Lumino" */;
			buildPhases = (
				78E0BE3D970672E4990FB16F /* [CP] Check Pods Manifest.lock */,
				A5C3737C1E07405D00697FF6 /* Sources */,
				A5C3737D1E07405D00697FF6 /* Frameworks */,
				A5C3737E1E07405D00697FF6 /* Resources */,
				E109BD870251012AFC9528A9 /* [CP] Embed Pods Frameworks */,
				20AC935B339DFE9F442E1B66 /* [CP] Copy Pods Resources */,
			);
			buildRules = (
			);
			dependencies = (
			);
			name = Lumino;
			productName = Lumino;
			productReference = A5C373801E07405D00697FF6 /* Lumino.app */;
			productType = "com.apple.product-type.application";
		};
		A5C373931E07405D00697FF6 /* LuminoTests */ = {
			isa = PBXNativeTarget;
			buildConfigurationList = A5C373AB1E07405D00697FF6 /* Build configuration list for PBXNativeTarget "LuminoTests" */;
			buildPhases = (
				CA93758CEF3B040FC94BC92A /* [CP] Check Pods Manifest.lock */,
				A5C373901E07405D00697FF6 /* Sources */,
				A5C373911E07405D00697FF6 /* Frameworks */,
				A5C373921E07405D00697FF6 /* Resources */,
				079E07DF5E0943039E32DF53 /* [CP] Embed Pods Frameworks */,
				036025A48B4DAA18B02B9C1D /* [CP] Copy Pods Resources */,
			);
			buildRules = (
			);
			dependencies = (
				A5C373961E07405D00697FF6 /* PBXTargetDependency */,
			);
			name = LuminoTests;
			productName = LuminoTests;
			productReference = A5C373941E07405D00697FF6 /* LuminoTests.xctest */;
			productType = "com.apple.product-type.bundle.unit-test";
		};
		A5C3739E1E07405D00697FF6 /* LuminoUITests */ = {
			isa = PBXNativeTarget;
			buildConfigurationList = A5C373AE1E07405D00697FF6 /* Build configuration list for PBXNativeTarget "LuminoUITests" */;
			buildPhases = (
				29FFB7F27FD4ECF17A377834 /* [CP] Check Pods Manifest.lock */,
				A5C3739B1E07405D00697FF6 /* Sources */,
				A5C3739C1E07405D00697FF6 /* Frameworks */,
				A5C3739D1E07405D00697FF6 /* Resources */,
				7D27DCDBC4748ECF404945B9 /* [CP] Embed Pods Frameworks */,
				0AB02B8C4AF3E4120F9AF217 /* [CP] Copy Pods Resources */,
			);
			buildRules = (
			);
			dependencies = (
				A5C373A11E07405D00697FF6 /* PBXTargetDependency */,
			);
			name = LuminoUITests;
			productName = LuminoUITests;
			productReference = A5C3739F1E07405D00697FF6 /* LuminoUITests.xctest */;
			productType = "com.apple.product-type.bundle.ui-testing";
		};
/* End PBXNativeTarget section */

/* Begin PBXProject section */
		A5C373781E07405D00697FF6 /* Project object */ = {
			isa = PBXProject;
			attributes = {
				LastSwiftUpdateCheck = 0820;
				LastUpgradeCheck = 0820;
				ORGANIZATIONNAME = "Sergey Anisimov";
				TargetAttributes = {
					A5C3737F1E07405D00697FF6 = {
						CreatedOnToolsVersion = 8.2;
						DevelopmentTeam = 6986X3V866;
						ProvisioningStyle = Automatic;
					};
					A5C373931E07405D00697FF6 = {
						CreatedOnToolsVersion = 8.2;
						ProvisioningStyle = Automatic;
						TestTargetID = A5C3737F1E07405D00697FF6;
					};
					A5C3739E1E07405D00697FF6 = {
						CreatedOnToolsVersion = 8.2;
						ProvisioningStyle = Automatic;
						TestTargetID = A5C3737F1E07405D00697FF6;
					};
				};
			};
			buildConfigurationList = A5C3737B1E07405D00697FF6 /* Build configuration list for PBXProject "Lumino" */;
			compatibilityVersion = "Xcode 3.2";
			developmentRegion = English;
			hasScannedForEncodings = 0;
			knownRegions = (
				en,
				Base,
			);
			mainGroup = A5C373771E07405D00697FF6;
			productRefGroup = A5C373811E07405D00697FF6 /* Products */;
			projectDirPath = "";
			projectRoot = "";
			targets = (
				A5C3737F1E07405D00697FF6 /* Lumino */,
				A5C373931E07405D00697FF6 /* LuminoTests */,
				A5C3739E1E07405D00697FF6 /* LuminoUITests */,
			);
		};
/* End PBXProject section */

/* Begin PBXResourcesBuildPhase section */
		A5C3737E1E07405D00697FF6 /* Resources */ = {
			isa = PBXResourcesBuildPhase;
			buildActionMask = 2147483647;
			files = (
				A5C3738E1E07405D00697FF6 /* LaunchScreen.storyboard in Resources */,
				A5C3738B1E07405D00697FF6 /* Assets.xcassets in Resources */,
				A59CC51F1E1024E900B51B36 /* Podfile in Resources */,
				A5C373891E07405D00697FF6 /* Main.storyboard in Resources */,
			);
			runOnlyForDeploymentPostprocessing = 0;
		};
		A5C373921E07405D00697FF6 /* Resources */ = {
			isa = PBXResourcesBuildPhase;
			buildActionMask = 2147483647;
			files = (
			);
			runOnlyForDeploymentPostprocessing = 0;
		};
		A5C3739D1E07405D00697FF6 /* Resources */ = {
			isa = PBXResourcesBuildPhase;
			buildActionMask = 2147483647;
			files = (
			);
			runOnlyForDeploymentPostprocessing = 0;
		};
/* End PBXResourcesBuildPhase section */

/* Begin PBXShellScriptBuildPhase section */
		036025A48B4DAA18B02B9C1D /* [CP] Copy Pods Resources */ = {
			isa = PBXShellScriptBuildPhase;
			buildActionMask = 2147483647;
			files = (
			);
			inputPaths = (
			);
			name = "[CP] Copy Pods Resources";
			outputPaths = (
			);
			runOnlyForDeploymentPostprocessing = 0;
			shellPath = /bin/sh;
			shellScript = "\"${SRCROOT}/Pods/Target Support Files/Pods-LuminoTests/Pods-LuminoTests-resources.sh\"\n";
			showEnvVarsInLog = 0;
		};
		079E07DF5E0943039E32DF53 /* [CP] Embed Pods Frameworks */ = {
			isa = PBXShellScriptBuildPhase;
			buildActionMask = 2147483647;
			files = (
			);
			inputPaths = (
			);
			name = "[CP] Embed Pods Frameworks";
			outputPaths = (
			);
			runOnlyForDeploymentPostprocessing = 0;
			shellPath = /bin/sh;
			shellScript = "\"${SRCROOT}/Pods/Target Support Files/Pods-LuminoTests/Pods-LuminoTests-frameworks.sh\"\n";
			showEnvVarsInLog = 0;
		};
		0AB02B8C4AF3E4120F9AF217 /* [CP] Copy Pods Resources */ = {
			isa = PBXShellScriptBuildPhase;
			buildActionMask = 2147483647;
			files = (
			);
			inputPaths = (
			);
			name = "[CP] Copy Pods Resources";
			outputPaths = (
			);
			runOnlyForDeploymentPostprocessing = 0;
			shellPath = /bin/sh;
			shellScript = "\"${SRCROOT}/Pods/Target Support Files/Pods-LuminoUITests/Pods-LuminoUITests-resources.sh\"\n";
			showEnvVarsInLog = 0;
		};
		20AC935B339DFE9F442E1B66 /* [CP] Copy Pods Resources */ = {
			isa = PBXShellScriptBuildPhase;
			buildActionMask = 2147483647;
			files = (
			);
			inputPaths = (
			);
			name = "[CP] Copy Pods Resources";
			outputPaths = (
			);
			runOnlyForDeploymentPostprocessing = 0;
			shellPath = /bin/sh;
			shellScript = "\"${SRCROOT}/Pods/Target Support Files/Pods-Lumino/Pods-Lumino-resources.sh\"\n";
			showEnvVarsInLog = 0;
		};
		29FFB7F27FD4ECF17A377834 /* [CP] Check Pods Manifest.lock */ = {
			isa = PBXShellScriptBuildPhase;
			buildActionMask = 2147483647;
			files = (
			);
			inputPaths = (
			);
			name = "[CP] Check Pods Manifest.lock";
			outputPaths = (
			);
			runOnlyForDeploymentPostprocessing = 0;
			shellPath = /bin/sh;
			shellScript = "diff \"${PODS_PODFILE_DIR_PATH}/Podfile.lock\" \"${PODS_ROOT}/Manifest.lock\" > /dev/null\nif [ $? != 0 ] ; then\n    # print error to STDERR\n    echo \"error: The sandbox is not in sync with the Podfile.lock. Run 'pod install' or update your CocoaPods installation.\" >&2\n    exit 1\nfi\n";
			showEnvVarsInLog = 0;
		};
		78E0BE3D970672E4990FB16F /* [CP] Check Pods Manifest.lock */ = {
			isa = PBXShellScriptBuildPhase;
			buildActionMask = 2147483647;
			files = (
			);
			inputPaths = (
			);
			name = "[CP] Check Pods Manifest.lock";
			outputPaths = (
			);
			runOnlyForDeploymentPostprocessing = 0;
			shellPath = /bin/sh;
			shellScript = "diff \"${PODS_PODFILE_DIR_PATH}/Podfile.lock\" \"${PODS_ROOT}/Manifest.lock\" > /dev/null\nif [ $? != 0 ] ; then\n    # print error to STDERR\n    echo \"error: The sandbox is not in sync with the Podfile.lock. Run 'pod install' or update your CocoaPods installation.\" >&2\n    exit 1\nfi\n";
			showEnvVarsInLog = 0;
		};
		7D27DCDBC4748ECF404945B9 /* [CP] Embed Pods Frameworks */ = {
			isa = PBXShellScriptBuildPhase;
			buildActionMask = 2147483647;
			files = (
			);
			inputPaths = (
			);
			name = "[CP] Embed Pods Frameworks";
			outputPaths = (
			);
			runOnlyForDeploymentPostprocessing = 0;
			shellPath = /bin/sh;
			shellScript = "\"${SRCROOT}/Pods/Target Support Files/Pods-LuminoUITests/Pods-LuminoUITests-frameworks.sh\"\n";
			showEnvVarsInLog = 0;
		};
		CA93758CEF3B040FC94BC92A /* [CP] Check Pods Manifest.lock */ = {
			isa = PBXShellScriptBuildPhase;
			buildActionMask = 2147483647;
			files = (
			);
			inputPaths = (
			);
			name = "[CP] Check Pods Manifest.lock";
			outputPaths = (
			);
			runOnlyForDeploymentPostprocessing = 0;
			shellPath = /bin/sh;
			shellScript = "diff \"${PODS_PODFILE_DIR_PATH}/Podfile.lock\" \"${PODS_ROOT}/Manifest.lock\" > /dev/null\nif [ $? != 0 ] ; then\n    # print error to STDERR\n    echo \"error: The sandbox is not in sync with the Podfile.lock. Run 'pod install' or update your CocoaPods installation.\" >&2\n    exit 1\nfi\n";
			showEnvVarsInLog = 0;
		};
		E109BD870251012AFC9528A9 /* [CP] Embed Pods Frameworks */ = {
			isa = PBXShellScriptBuildPhase;
			buildActionMask = 2147483647;
			files = (
			);
			inputPaths = (
			);
			name = "[CP] Embed Pods Frameworks";
			outputPaths = (
			);
			runOnlyForDeploymentPostprocessing = 0;
			shellPath = /bin/sh;
			shellScript = "\"${SRCROOT}/Pods/Target Support Files/Pods-Lumino/Pods-Lumino-frameworks.sh\"\n";
			showEnvVarsInLog = 0;
		};
/* End PBXShellScriptBuildPhase section */

/* Begin PBXSourcesBuildPhase section */
		A5C3737C1E07405D00697FF6 /* Sources */ = {
			isa = PBXSourcesBuildPhase;
			buildActionMask = 2147483647;
			files = (
				A50755E91E89AF4D00AF1A96 /* Response.swift in Sources */,
				A59D1D451EB73252007D2DE0 /* WebSocketClient.swift in Sources */,
				A5FD7AEC1EBFD786003303E2 /* SettingsViewController.swift in Sources */,
				A52BC3A11EB5BFC7001BE371 /* Serializible.swift in Sources */,
				A59D1D4C1EB99CA5007D2DE0 /* ColorExtensions.swift in Sources */,
				A52BC3A71EB5C5C6001BE371 /* SerializationService.swift in Sources */,
				A52BC3AD1EB5C61A001BE371 /* SerializationError.swift in Sources */,
				A50755ED1E89B1B300AF1A96 /* Event.swift in Sources */,
				A50755F11E91750300AF1A96 /* HueCircleLayer.swift in Sources */,
				A5D0047E1EAC07C10088ADF5 /* Funtional.swift in Sources */,
				A52C179B1E0847E300F1AC7D /* DevicesTableViewController.swift in Sources */,
				A52BC39D1EB54BB6001BE371 /* Serializer.swift in Sources */,
				A50755F81E96CE5800AF1A96 /* Request.swift in Sources */,
				A50755FA1E96CF5700AF1A96 /* Color.swift in Sources */,
				A59D1D491EB9073D007D2DE0 /* StatusSerializer.swift in Sources */,
				A5F5A1891ED54E4600DDED10 /* DeviceCell.swift in Sources */,
				A5C373841E07405D00697FF6 /* AppDelegate.swift in Sources */,
				A59D1D3C1EB67C22007D2DE0 /* RequestSerializer.swift in Sources */,
				A52BC3A51EB5C374001BE371 /* SettingsSerializer.swift in Sources */,
				A5C672721E0DE4F2003F7C03 /* DeviceDetailsUIViewController.swift in Sources */,
				A5EB37F21E746BFB003B30F1 /* ColorWheelView.swift in Sources */,
				A52BC3AB1EB5C5ED001BE371 /* DeserializationContext.swift in Sources */,
				A59D1D471EB90625007D2DE0 /* Status.swift in Sources */,
				A5D004861EB308540088ADF5 /* Settings.swift in Sources */,
				A524E4F91E7DF34000533BB3 /* GradientSilderView.swift in Sources */,
				A5BB15991EBC4A5600C4B27F /* DeviceListItem.swift in Sources */,
				A52BC3A91EB5C5D9001BE371 /* SerializationContext.swift in Sources */,
				A50755EF1E9172F400AF1A96 /* ColorLineLayer.swift in Sources */,
				A5D004841EB29F3D0088ADF5 /* TypeAliases.swift in Sources */,
				A52BC39F1EB5B516001BE371 /* ColorSerializer.swift in Sources */,
				A59D1D3A1EB67A1F007D2DE0 /* ResponseSerializer.swift in Sources */,
				A52BC3AF1EB5C636001BE371 /* Casting.swift in Sources */,
				A52BC3A31EB5C142001BE371 /* EventSerializer.swift in Sources */,
				A524E4FB1E7ED38F00533BB3 /* ColorSpotLayer.swift in Sources */,
			);
			runOnlyForDeploymentPostprocessing = 0;
		};
		A5C373901E07405D00697FF6 /* Sources */ = {
			isa = PBXSourcesBuildPhase;
			buildActionMask = 2147483647;
			files = (
				A5D004891EB3F3E00088ADF5 /* SettingsTests.swift in Sources */,
				A5D004901EB484200088ADF5 /* ColorTests.swift in Sources */,
				A5D004921EB4898A0088ADF5 /* EventTests.swift in Sources */,
				A5FC1CC91EDD3AE40086AB83 /* StatusTests.swift in Sources */,
				A59D1D401EB6AA56007D2DE0 /* ResponseTests.swift in Sources */,
				A59D1D3E1EB6A987007D2DE0 /* RequestTests.swift in Sources */,
				A59D1D421EB6AC1D007D2DE0 /* ModelsExtensions.swift in Sources */,
				A5D0048C1EB46E360088ADF5 /* SerializationServiceExtensions.swift in Sources */,
			);
			runOnlyForDeploymentPostprocessing = 0;
		};
		A5C3739B1E07405D00697FF6 /* Sources */ = {
			isa = PBXSourcesBuildPhase;
			buildActionMask = 2147483647;
			files = (
				A5C373A41E07405D00697FF6 /* LuminoUITests.swift in Sources */,
			);
			runOnlyForDeploymentPostprocessing = 0;
		};
/* End PBXSourcesBuildPhase section */

/* Begin PBXTargetDependency section */
		A5C373961E07405D00697FF6 /* PBXTargetDependency */ = {
			isa = PBXTargetDependency;
			target = A5C3737F1E07405D00697FF6 /* Lumino */;
			targetProxy = A5C373951E07405D00697FF6 /* PBXContainerItemProxy */;
		};
		A5C373A11E07405D00697FF6 /* PBXTargetDependency */ = {
			isa = PBXTargetDependency;
			target = A5C3737F1E07405D00697FF6 /* Lumino */;
			targetProxy = A5C373A01E07405D00697FF6 /* PBXContainerItemProxy */;
		};
/* End PBXTargetDependency section */

/* Begin PBXVariantGroup section */
		A5C373871E07405D00697FF6 /* Main.storyboard */ = {
			isa = PBXVariantGroup;
			children = (
				A5C373881E07405D00697FF6 /* Base */,
			);
			name = Main.storyboard;
			sourceTree = "<group>";
		};
		A5C3738C1E07405D00697FF6 /* LaunchScreen.storyboard */ = {
			isa = PBXVariantGroup;
			children = (
				A5C3738D1E07405D00697FF6 /* Base */,
			);
			name = LaunchScreen.storyboard;
			sourceTree = "<group>";
		};
/* End PBXVariantGroup section */

/* Begin XCBuildConfiguration section */
		A5C373A61E07405D00697FF6 /* Debug */ = {
			isa = XCBuildConfiguration;
			buildSettings = {
				ALWAYS_SEARCH_USER_PATHS = NO;
				CLANG_ANALYZER_NONNULL = YES;
				CLANG_CXX_LANGUAGE_STANDARD = "gnu++0x";
				CLANG_CXX_LIBRARY = "libc++";
				CLANG_ENABLE_MODULES = YES;
				CLANG_ENABLE_OBJC_ARC = YES;
				CLANG_WARN_BOOL_CONVERSION = YES;
				CLANG_WARN_CONSTANT_CONVERSION = YES;
				CLANG_WARN_DIRECT_OBJC_ISA_USAGE = YES_ERROR;
				CLANG_WARN_DOCUMENTATION_COMMENTS = YES;
				CLANG_WARN_EMPTY_BODY = YES;
				CLANG_WARN_ENUM_CONVERSION = YES;
				CLANG_WARN_INFINITE_RECURSION = YES;
				CLANG_WARN_INT_CONVERSION = YES;
				CLANG_WARN_OBJC_ROOT_CLASS = YES_ERROR;
				CLANG_WARN_SUSPICIOUS_MOVE = YES;
				CLANG_WARN_UNREACHABLE_CODE = YES;
				CLANG_WARN__DUPLICATE_METHOD_MATCH = YES;
				CODE_SIGN_IDENTITY = "iPhone Developer: Sergey Anisimov (L83935CUT9)";
				"CODE_SIGN_IDENTITY[sdk=iphoneos*]" = "iPhone Developer";
				COPY_PHASE_STRIP = NO;
				DEBUG_INFORMATION_FORMAT = dwarf;
				ENABLE_STRICT_OBJC_MSGSEND = YES;
				ENABLE_TESTABILITY = YES;
				GCC_C_LANGUAGE_STANDARD = gnu99;
				GCC_DYNAMIC_NO_PIC = NO;
				GCC_NO_COMMON_BLOCKS = YES;
				GCC_OPTIMIZATION_LEVEL = 0;
				GCC_PREPROCESSOR_DEFINITIONS = (
					"DEBUG=1",
					"$(inherited)",
				);
				GCC_WARN_64_TO_32_BIT_CONVERSION = YES;
				GCC_WARN_ABOUT_RETURN_TYPE = YES_ERROR;
				GCC_WARN_UNDECLARED_SELECTOR = YES;
				GCC_WARN_UNINITIALIZED_AUTOS = YES_AGGRESSIVE;
				GCC_WARN_UNUSED_FUNCTION = YES;
				GCC_WARN_UNUSED_VARIABLE = YES;
				IPHONEOS_DEPLOYMENT_TARGET = 10.2;
				MTL_ENABLE_DEBUG_INFO = YES;
				ONLY_ACTIVE_ARCH = YES;
				SDKROOT = iphoneos;
				SWIFT_ACTIVE_COMPILATION_CONDITIONS = DEBUG;
				SWIFT_OPTIMIZATION_LEVEL = "-Onone";
			};
			name = Debug;
		};
		A5C373A71E07405D00697FF6 /* Release */ = {
			isa = XCBuildConfiguration;
			buildSettings = {
				ALWAYS_SEARCH_USER_PATHS = NO;
				CLANG_ANALYZER_NONNULL = YES;
				CLANG_CXX_LANGUAGE_STANDARD = "gnu++0x";
				CLANG_CXX_LIBRARY = "libc++";
				CLANG_ENABLE_MODULES = YES;
				CLANG_ENABLE_OBJC_ARC = YES;
				CLANG_WARN_BOOL_CONVERSION = YES;
				CLANG_WARN_CONSTANT_CONVERSION = YES;
				CLANG_WARN_DIRECT_OBJC_ISA_USAGE = YES_ERROR;
				CLANG_WARN_DOCUMENTATION_COMMENTS = YES;
				CLANG_WARN_EMPTY_BODY = YES;
				CLANG_WARN_ENUM_CONVERSION = YES;
				CLANG_WARN_INFINITE_RECURSION = YES;
				CLANG_WARN_INT_CONVERSION = YES;
				CLANG_WARN_OBJC_ROOT_CLASS = YES_ERROR;
				CLANG_WARN_SUSPICIOUS_MOVE = YES;
				CLANG_WARN_UNREACHABLE_CODE = YES;
				CLANG_WARN__DUPLICATE_METHOD_MATCH = YES;
				CODE_SIGN_IDENTITY = "iPhone Developer: Sergey Anisimov (L83935CUT9)";
				"CODE_SIGN_IDENTITY[sdk=iphoneos*]" = "iPhone Developer";
				COPY_PHASE_STRIP = NO;
				DEBUG_INFORMATION_FORMAT = "dwarf-with-dsym";
				ENABLE_NS_ASSERTIONS = NO;
				ENABLE_STRICT_OBJC_MSGSEND = YES;
				ENABLE_TESTABILITY = YES;
				GCC_C_LANGUAGE_STANDARD = gnu99;
				GCC_NO_COMMON_BLOCKS = YES;
				GCC_WARN_64_TO_32_BIT_CONVERSION = YES;
				GCC_WARN_ABOUT_RETURN_TYPE = YES_ERROR;
				GCC_WARN_UNDECLARED_SELECTOR = YES;
				GCC_WARN_UNINITIALIZED_AUTOS = YES_AGGRESSIVE;
				GCC_WARN_UNUSED_FUNCTION = YES;
				GCC_WARN_UNUSED_VARIABLE = YES;
				IPHONEOS_DEPLOYMENT_TARGET = 10.2;
				MTL_ENABLE_DEBUG_INFO = NO;
				SDKROOT = iphoneos;
				SWIFT_OPTIMIZATION_LEVEL = "-Owholemodule";
				VALIDATE_PRODUCT = YES;
			};
			name = Release;
		};
		A5C373A91E07405D00697FF6 /* Debug */ = {
			isa = XCBuildConfiguration;
			baseConfigurationReference = 891963619B8A83B9E8391AF0 /* Pods-Lumino.debug.xcconfig */;
			buildSettings = {
				ASSETCATALOG_COMPILER_APPICON_NAME = AppIcon;
				DEVELOPMENT_TEAM = 6986X3V866;
				INFOPLIST_FILE = Lumino/Info.plist;
				LD_RUNPATH_SEARCH_PATHS = "$(inherited) @executable_path/Frameworks";
				PRODUCT_BUNDLE_IDENTIFIER = MoiKot.Lumino;
				PRODUCT_NAME = "$(TARGET_NAME)";
				SWIFT_VERSION = 3.0;
			};
			name = Debug;
		};
		A5C373AA1E07405D00697FF6 /* Release */ = {
			isa = XCBuildConfiguration;
			baseConfigurationReference = 78A939657D15E549D49273B8 /* Pods-Lumino.release.xcconfig */;
			buildSettings = {
				ASSETCATALOG_COMPILER_APPICON_NAME = AppIcon;
				DEVELOPMENT_TEAM = 6986X3V866;
				INFOPLIST_FILE = Lumino/Info.plist;
				LD_RUNPATH_SEARCH_PATHS = "$(inherited) @executable_path/Frameworks";
				PRODUCT_BUNDLE_IDENTIFIER = MoiKot.Lumino;
				PRODUCT_NAME = "$(TARGET_NAME)";
				SWIFT_VERSION = 3.0;
			};
			name = Release;
		};
		A5C373AC1E07405D00697FF6 /* Debug */ = {
			isa = XCBuildConfiguration;
			baseConfigurationReference = 77995BFF114357166F183BC4 /* Pods-LuminoTests.debug.xcconfig */;
			buildSettings = {
				ALWAYS_EMBED_SWIFT_STANDARD_LIBRARIES = YES;
				BUNDLE_LOADER = "$(TEST_HOST)";
				INFOPLIST_FILE = LuminoTests/Info.plist;
				LD_RUNPATH_SEARCH_PATHS = "$(inherited) @executable_path/Frameworks @loader_path/Frameworks";
				PRODUCT_BUNDLE_IDENTIFIER = MoiKot.LuminoTests;
				PRODUCT_NAME = "$(TARGET_NAME)";
				SWIFT_VERSION = 3.0;
				TEST_HOST = "$(BUILT_PRODUCTS_DIR)/Lumino.app/Lumino";
			};
			name = Debug;
		};
		A5C373AD1E07405D00697FF6 /* Release */ = {
			isa = XCBuildConfiguration;
			baseConfigurationReference = D9279E95467D58D91A090F87 /* Pods-LuminoTests.release.xcconfig */;
			buildSettings = {
				ALWAYS_EMBED_SWIFT_STANDARD_LIBRARIES = YES;
				BUNDLE_LOADER = "$(TEST_HOST)";
				INFOPLIST_FILE = LuminoTests/Info.plist;
				LD_RUNPATH_SEARCH_PATHS = "$(inherited) @executable_path/Frameworks @loader_path/Frameworks";
				PRODUCT_BUNDLE_IDENTIFIER = MoiKot.LuminoTests;
				PRODUCT_NAME = "$(TARGET_NAME)";
				SWIFT_VERSION = 3.0;
				TEST_HOST = "$(BUILT_PRODUCTS_DIR)/Lumino.app/Lumino";
			};
			name = Release;
		};
		A5C373AF1E07405D00697FF6 /* Debug */ = {
			isa = XCBuildConfiguration;
			baseConfigurationReference = 1FBF9260C92CA50C698C7D1F /* Pods-LuminoUITests.debug.xcconfig */;
			buildSettings = {
				ALWAYS_EMBED_SWIFT_STANDARD_LIBRARIES = YES;
				INFOPLIST_FILE = LuminoUITests/Info.plist;
				LD_RUNPATH_SEARCH_PATHS = "$(inherited) @executable_path/Frameworks @loader_path/Frameworks";
				PRODUCT_BUNDLE_IDENTIFIER = MoiKot.LuminoUITests;
				PRODUCT_NAME = "$(TARGET_NAME)";
				SWIFT_VERSION = 3.0;
				TEST_TARGET_NAME = Lumino;
			};
			name = Debug;
		};
		A5C373B01E07405D00697FF6 /* Release */ = {
			isa = XCBuildConfiguration;
			baseConfigurationReference = F1AEE3EEF81BC3D1A1EFC0FD /* Pods-LuminoUITests.release.xcconfig */;
			buildSettings = {
				ALWAYS_EMBED_SWIFT_STANDARD_LIBRARIES = YES;
				INFOPLIST_FILE = LuminoUITests/Info.plist;
				LD_RUNPATH_SEARCH_PATHS = "$(inherited) @executable_path/Frameworks @loader_path/Frameworks";
				PRODUCT_BUNDLE_IDENTIFIER = MoiKot.LuminoUITests;
				PRODUCT_NAME = "$(TARGET_NAME)";
				SWIFT_VERSION = 3.0;
				TEST_TARGET_NAME = Lumino;
			};
			name = Release;
		};
/* End XCBuildConfiguration section */

/* Begin XCConfigurationList section */
		A5C3737B1E07405D00697FF6 /* Build configuration list for PBXProject "Lumino" */ = {
			isa = XCConfigurationList;
			buildConfigurations = (
				A5C373A61E07405D00697FF6 /* Debug */,
				A5C373A71E07405D00697FF6 /* Release */,
			);
			defaultConfigurationIsVisible = 0;
			defaultConfigurationName = Release;
		};
		A5C373A81E07405D00697FF6 /* Build configuration list for PBXNativeTarget "Lumino" */ = {
			isa = XCConfigurationList;
			buildConfigurations = (
				A5C373A91E07405D00697FF6 /* Debug */,
				A5C373AA1E07405D00697FF6 /* Release */,
			);
			defaultConfigurationIsVisible = 0;
			defaultConfigurationName = Release;
		};
		A5C373AB1E07405D00697FF6 /* Build configuration list for PBXNativeTarget "LuminoTests" */ = {
			isa = XCConfigurationList;
			buildConfigurations = (
				A5C373AC1E07405D00697FF6 /* Debug */,
				A5C373AD1E07405D00697FF6 /* Release */,
			);
			defaultConfigurationIsVisible = 0;
			defaultConfigurationName = Release;
		};
		A5C373AE1E07405D00697FF6 /* Build configuration list for PBXNativeTarget "LuminoUITests" */ = {
			isa = XCConfigurationList;
			buildConfigurations = (
				A5C373AF1E07405D00697FF6 /* Debug */,
				A5C373B01E07405D00697FF6 /* Release */,
			);
			defaultConfigurationIsVisible = 0;
			defaultConfigurationName = Release;
		};
/* End XCConfigurationList section */
	};
	rootObject = A5C373781E07405D00697FF6 /* Project object */;
}
